// !$*UTF8*$!
{
	archiveVersion = 1;
	classes = {
	};
	objectVersion = 46;
	objects = {

/* Begin PBXBuildFile section */
		13780AA6EEA94B23B9B62E38 /* iAd.framework in Frameworks */ = {isa = PBXBuildFile; fileRef = 532DB2F3309A47B6901931F2 /* iAd.framework */; settings = {ATTRIBUTES = (Weak, ); }; };
		13B07FBC1A68108700A75B9A /* AppDelegate.mm in Sources */ = {isa = PBXBuildFile; fileRef = 13B07FB01A68108700A75B9A /* AppDelegate.mm */; };
		13B07FBF1A68108700A75B9A /* Images.xcassets in Resources */ = {isa = PBXBuildFile; fileRef = 13B07FB51A68108700A75B9A /* Images.xcassets */; };
		13B07FC11A68108700A75B9A /* main.m in Sources */ = {isa = PBXBuildFile; fileRef = 13B07FB71A68108700A75B9A /* main.m */; };
		1864E1F1052A4884890C81EC /* GoogleService-Info.plist in Resources */ = {isa = PBXBuildFile; fileRef = 70F7B2EF5177445CB653F00D /* GoogleService-Info.plist */; };
		26E0DAA74133A279EDEC3752 /* Pods_InsiderNotificationContent.framework in Frameworks */ = {isa = PBXBuildFile; fileRef = D4DF8DF4448D8FFAD237E319 /* Pods_InsiderNotificationContent.framework */; };
		3E461D99554A48A4959DE609 /* SplashScreen.storyboard in Resources */ = {isa = PBXBuildFile; fileRef = AA286B85B6C04FC6940260E9 /* SplashScreen.storyboard */; };
		4C4307F2D76C4510984903A0 /* AdSupport.framework in Frameworks */ = {isa = PBXBuildFile; fileRef = B1045945063F42229B1C4DA5 /* AdSupport.framework */; settings = {ATTRIBUTES = (Weak, ); }; };
		5CEAF2803A217EDC037A97B4 /* Pods_InsiderNotificationService.framework in Frameworks */ = {isa = PBXBuildFile; fileRef = A65DBC70F4D03C0CE5C7335D /* Pods_InsiderNotificationService.framework */; };
		8188265BC6BE402F9A8CA0E6 /* AppTrackingTransparency.framework in Frameworks */ = {isa = PBXBuildFile; fileRef = 004E0C322953406EA8694175 /* AppTrackingTransparency.framework */; settings = {ATTRIBUTES = (Weak, ); }; };
		9D9D4644D41F44C48801FCEF /* noop-file.swift in Sources */ = {isa = PBXBuildFile; fileRef = 71F0FD82823D4E15831F3465 /* noop-file.swift */; };
		B18059E884C0ABDD17F3DC3D /* ExpoModulesProvider.swift in Sources */ = {isa = PBXBuildFile; fileRef = FAC715A2D49A985799AEE119 /* ExpoModulesProvider.swift */; };
		B2639ADB86BD181E37387DB3 /* Pods_insiderexpodemo.framework in Frameworks */ = {isa = PBXBuildFile; fileRef = A14A17299FAEA73A12954374 /* Pods_insiderexpodemo.framework */; };
		BB2F792D24A3F905000567C9 /* Expo.plist in Resources */ = {isa = PBXBuildFile; fileRef = BB2F792C24A3F905000567C9 /* Expo.plist */; };
		C2183F8F619843FD8316388B /* StoreKit.framework in Frameworks */ = {isa = PBXBuildFile; fileRef = 34FC82DED3204ACDA54B30EC /* StoreKit.framework */; settings = {ATTRIBUTES = (Weak, ); }; };
		C21CA008EE82419EA2549322 /* GoogleService-Info.plist in Resources */ = {isa = PBXBuildFile; fileRef = 3935FCD706C946C899E2DDC3 /* GoogleService-Info.plist */; };
		D5FE4994297539790022AAB4 /* NotificationService.m in Sources */ = {isa = PBXBuildFile; fileRef = D5FE4993297539790022AAB4 /* NotificationService.m */; };
		D5FE4998297539790022AAB4 /* InsiderNotificationService.appex in Embed App Extensions */ = {isa = PBXBuildFile; fileRef = D5FE4990297539790022AAB4 /* InsiderNotificationService.appex */; settings = {ATTRIBUTES = (RemoveHeadersOnCopy, ); }; };
		D5FE49A329753A460022AAB4 /* UserNotifications.framework in Frameworks */ = {isa = PBXBuildFile; fileRef = D5FE49A229753A460022AAB4 /* UserNotifications.framework */; };
		D5FE49A529753A460022AAB4 /* UserNotificationsUI.framework in Frameworks */ = {isa = PBXBuildFile; fileRef = D5FE49A429753A460022AAB4 /* UserNotificationsUI.framework */; };
		D5FE49A929753A460022AAB4 /* NotificationViewController.m in Sources */ = {isa = PBXBuildFile; fileRef = D5FE49A829753A460022AAB4 /* NotificationViewController.m */; };
		D5FE49AC29753A460022AAB4 /* MainInterface.storyboard in Resources */ = {isa = PBXBuildFile; fileRef = D5FE49AA29753A460022AAB4 /* MainInterface.storyboard */; };
		D5FE49B029753A460022AAB4 /* InsiderNotificationContent.appex in Embed App Extensions */ = {isa = PBXBuildFile; fileRef = D5FE49A129753A460022AAB4 /* InsiderNotificationContent.appex */; settings = {ATTRIBUTES = (RemoveHeadersOnCopy, ); }; };
		FA3FA2B65DFF463D87AC05FE /* AdServices.framework in Frameworks */ = {isa = PBXBuildFile; fileRef = 05E06BAAE4DE4727AB68B14E /* AdServices.framework */; settings = {ATTRIBUTES = (Weak, ); }; };
/* End PBXBuildFile section */

/* Begin PBXContainerItemProxy section */
		D5FE4996297539790022AAB4 /* PBXContainerItemProxy */ = {
			isa = PBXContainerItemProxy;
			containerPortal = 83CBB9F71A601CBA00E9B192 /* Project object */;
			proxyType = 1;
			remoteGlobalIDString = D5FE498F297539790022AAB4;
			remoteInfo = InsiderNotificationService;
		};
		D5FE49AE29753A460022AAB4 /* PBXContainerItemProxy */ = {
			isa = PBXContainerItemProxy;
			containerPortal = 83CBB9F71A601CBA00E9B192 /* Project object */;
			proxyType = 1;
			remoteGlobalIDString = D5FE49A029753A460022AAB4;
			remoteInfo = InsiderNotificationContent;
		};
/* End PBXContainerItemProxy section */

/* Begin PBXCopyFilesBuildPhase section */
		D5FE4999297539790022AAB4 /* Embed App Extensions */ = {
			isa = PBXCopyFilesBuildPhase;
			buildActionMask = 2147483647;
			dstPath = "";
			dstSubfolderSpec = 13;
			files = (
				D5FE49B029753A460022AAB4 /* InsiderNotificationContent.appex in Embed App Extensions */,
				D5FE4998297539790022AAB4 /* InsiderNotificationService.appex in Embed App Extensions */,
			);
			name = "Embed App Extensions";
			runOnlyForDeploymentPostprocessing = 0;
		};
/* End PBXCopyFilesBuildPhase section */

/* Begin PBXFileReference section */
		004E0C322953406EA8694175 /* AppTrackingTransparency.framework */ = {isa = PBXFileReference; explicitFileType = undefined; fileEncoding = 9; includeInIndex = 0; lastKnownFileType = wrapper.framework; name = AppTrackingTransparency.framework; path = System/Library/Frameworks/AppTrackingTransparency.framework; sourceTree = SDKROOT; };
		008F07F21AC5B25A0029DE68 /* main.jsbundle */ = {isa = PBXFileReference; fileEncoding = 4; lastKnownFileType = text; path = main.jsbundle; sourceTree = "<group>"; };
		05E06BAAE4DE4727AB68B14E /* AdServices.framework */ = {isa = PBXFileReference; explicitFileType = undefined; fileEncoding = 9; includeInIndex = 0; lastKnownFileType = wrapper.framework; name = AdServices.framework; path = System/Library/Frameworks/AdServices.framework; sourceTree = SDKROOT; };
		13B07F961A680F5B00A75B9A /* insiderexpodemo.app */ = {isa = PBXFileReference; explicitFileType = wrapper.application; includeInIndex = 0; path = insiderexpodemo.app; sourceTree = BUILT_PRODUCTS_DIR; };
		13B07FAF1A68108700A75B9A /* AppDelegate.h */ = {isa = PBXFileReference; fileEncoding = 4; lastKnownFileType = sourcecode.c.h; name = AppDelegate.h; path = insiderexpodemo/AppDelegate.h; sourceTree = "<group>"; };
		13B07FB01A68108700A75B9A /* AppDelegate.mm */ = {isa = PBXFileReference; fileEncoding = 4; lastKnownFileType = sourcecode.cpp.objcpp; name = AppDelegate.mm; path = insiderexpodemo/AppDelegate.mm; sourceTree = "<group>"; };
		13B07FB51A68108700A75B9A /* Images.xcassets */ = {isa = PBXFileReference; lastKnownFileType = folder.assetcatalog; name = Images.xcassets; path = insiderexpodemo/Images.xcassets; sourceTree = "<group>"; };
		13B07FB61A68108700A75B9A /* Info.plist */ = {isa = PBXFileReference; fileEncoding = 4; lastKnownFileType = text.plist.xml; name = Info.plist; path = insiderexpodemo/Info.plist; sourceTree = "<group>"; };
		13B07FB71A68108700A75B9A /* main.m */ = {isa = PBXFileReference; fileEncoding = 4; lastKnownFileType = sourcecode.c.objc; name = main.m; path = insiderexpodemo/main.m; sourceTree = "<group>"; };
		142B10B8D59D34B12545E9A4 /* Pods-InsiderNotificationContent.debug.xcconfig */ = {isa = PBXFileReference; includeInIndex = 1; lastKnownFileType = text.xcconfig; name = "Pods-InsiderNotificationContent.debug.xcconfig"; path = "Target Support Files/Pods-InsiderNotificationContent/Pods-InsiderNotificationContent.debug.xcconfig"; sourceTree = "<group>"; };
		3348418BEF2C51E060CA5E58 /* Pods-InsiderNotificationService.debug.xcconfig */ = {isa = PBXFileReference; includeInIndex = 1; lastKnownFileType = text.xcconfig; name = "Pods-InsiderNotificationService.debug.xcconfig"; path = "Target Support Files/Pods-InsiderNotificationService/Pods-InsiderNotificationService.debug.xcconfig"; sourceTree = "<group>"; };
		34FC82DED3204ACDA54B30EC /* StoreKit.framework */ = {isa = PBXFileReference; explicitFileType = undefined; fileEncoding = 9; includeInIndex = 0; lastKnownFileType = wrapper.framework; name = StoreKit.framework; path = System/Library/Frameworks/StoreKit.framework; sourceTree = SDKROOT; };
		3935FCD706C946C899E2DDC3 /* GoogleService-Info.plist */ = {isa = PBXFileReference; explicitFileType = undefined; fileEncoding = 4; includeInIndex = 0; lastKnownFileType = text.plist.xml; name = "GoogleService-Info.plist"; path = "insiderexpodemo/GoogleService-Info.plist"; sourceTree = "<group>"; };
		3C1D59565A881548522D0A92 /* Pods-InsiderNotificationContent.release.xcconfig */ = {isa = PBXFileReference; includeInIndex = 1; lastKnownFileType = text.xcconfig; name = "Pods-InsiderNotificationContent.release.xcconfig"; path = "Target Support Files/Pods-InsiderNotificationContent/Pods-InsiderNotificationContent.release.xcconfig"; sourceTree = "<group>"; };
		532DB2F3309A47B6901931F2 /* iAd.framework */ = {isa = PBXFileReference; explicitFileType = undefined; fileEncoding = 9; includeInIndex = 0; lastKnownFileType = wrapper.framework; name = iAd.framework; path = System/Library/Frameworks/iAd.framework; sourceTree = SDKROOT; };
		6C2E3173556A471DD304B334 /* Pods-insiderexpodemo.debug.xcconfig */ = {isa = PBXFileReference; includeInIndex = 1; lastKnownFileType = text.xcconfig; name = "Pods-insiderexpodemo.debug.xcconfig"; path = "Target Support Files/Pods-insiderexpodemo/Pods-insiderexpodemo.debug.xcconfig"; sourceTree = "<group>"; };
		70F7B2EF5177445CB653F00D /* GoogleService-Info.plist */ = {isa = PBXFileReference; explicitFileType = undefined; fileEncoding = 4; includeInIndex = 0; lastKnownFileType = text.plist.xml; name = "GoogleService-Info.plist"; path = "insiderexpodemo/GoogleService-Info.plist"; sourceTree = "<group>"; };
		71F0FD82823D4E15831F3465 /* noop-file.swift */ = {isa = PBXFileReference; explicitFileType = undefined; fileEncoding = 4; includeInIndex = 0; lastKnownFileType = sourcecode.swift; name = "noop-file.swift"; path = "insiderexpodemo/noop-file.swift"; sourceTree = "<group>"; };
		7A4D352CD337FB3A3BF06240 /* Pods-insiderexpodemo.release.xcconfig */ = {isa = PBXFileReference; includeInIndex = 1; lastKnownFileType = text.xcconfig; name = "Pods-insiderexpodemo.release.xcconfig"; path = "Target Support Files/Pods-insiderexpodemo/Pods-insiderexpodemo.release.xcconfig"; sourceTree = "<group>"; };
		A14A17299FAEA73A12954374 /* Pods_insiderexpodemo.framework */ = {isa = PBXFileReference; explicitFileType = wrapper.framework; includeInIndex = 0; path = Pods_insiderexpodemo.framework; sourceTree = BUILT_PRODUCTS_DIR; };
		A65DBC70F4D03C0CE5C7335D /* Pods_InsiderNotificationService.framework */ = {isa = PBXFileReference; explicitFileType = wrapper.framework; includeInIndex = 0; path = Pods_InsiderNotificationService.framework; sourceTree = BUILT_PRODUCTS_DIR; };
		AA286B85B6C04FC6940260E9 /* SplashScreen.storyboard */ = {isa = PBXFileReference; fileEncoding = 4; lastKnownFileType = file.storyboard; name = SplashScreen.storyboard; path = insiderexpodemo/SplashScreen.storyboard; sourceTree = "<group>"; };
		B1045945063F42229B1C4DA5 /* AdSupport.framework */ = {isa = PBXFileReference; explicitFileType = undefined; fileEncoding = 9; includeInIndex = 0; lastKnownFileType = wrapper.framework; name = AdSupport.framework; path = System/Library/Frameworks/AdSupport.framework; sourceTree = SDKROOT; };
		BB2F792C24A3F905000567C9 /* Expo.plist */ = {isa = PBXFileReference; fileEncoding = 4; lastKnownFileType = text.plist.xml; path = Expo.plist; sourceTree = "<group>"; };
		CB837E3BF2E81BB565232B25 /* Pods-InsiderNotificationService.release.xcconfig */ = {isa = PBXFileReference; includeInIndex = 1; lastKnownFileType = text.xcconfig; name = "Pods-InsiderNotificationService.release.xcconfig"; path = "Target Support Files/Pods-InsiderNotificationService/Pods-InsiderNotificationService.release.xcconfig"; sourceTree = "<group>"; };
		D4DF8DF4448D8FFAD237E319 /* Pods_InsiderNotificationContent.framework */ = {isa = PBXFileReference; explicitFileType = wrapper.framework; includeInIndex = 0; path = Pods_InsiderNotificationContent.framework; sourceTree = BUILT_PRODUCTS_DIR; };
		D5FE4990297539790022AAB4 /* InsiderNotificationService.appex */ = {isa = PBXFileReference; explicitFileType = "wrapper.app-extension"; includeInIndex = 0; path = InsiderNotificationService.appex; sourceTree = BUILT_PRODUCTS_DIR; };
		D5FE4992297539790022AAB4 /* NotificationService.h */ = {isa = PBXFileReference; lastKnownFileType = sourcecode.c.h; path = NotificationService.h; sourceTree = "<group>"; };
		D5FE4993297539790022AAB4 /* NotificationService.m */ = {isa = PBXFileReference; lastKnownFileType = sourcecode.c.objc; path = NotificationService.m; sourceTree = "<group>"; };
		D5FE4995297539790022AAB4 /* Info.plist */ = {isa = PBXFileReference; lastKnownFileType = text.plist.xml; path = Info.plist; sourceTree = "<group>"; };
		D5FE49A129753A460022AAB4 /* InsiderNotificationContent.appex */ = {isa = PBXFileReference; explicitFileType = "wrapper.app-extension"; includeInIndex = 0; path = InsiderNotificationContent.appex; sourceTree = BUILT_PRODUCTS_DIR; };
		D5FE49A229753A460022AAB4 /* UserNotifications.framework */ = {isa = PBXFileReference; lastKnownFileType = wrapper.framework; name = UserNotifications.framework; path = System/Library/Frameworks/UserNotifications.framework; sourceTree = SDKROOT; };
		D5FE49A429753A460022AAB4 /* UserNotificationsUI.framework */ = {isa = PBXFileReference; lastKnownFileType = wrapper.framework; name = UserNotificationsUI.framework; path = System/Library/Frameworks/UserNotificationsUI.framework; sourceTree = SDKROOT; };
		D5FE49A729753A460022AAB4 /* NotificationViewController.h */ = {isa = PBXFileReference; lastKnownFileType = sourcecode.c.h; path = NotificationViewController.h; sourceTree = "<group>"; };
		D5FE49A829753A460022AAB4 /* NotificationViewController.m */ = {isa = PBXFileReference; lastKnownFileType = sourcecode.c.objc; path = NotificationViewController.m; sourceTree = "<group>"; };
		D5FE49AB29753A460022AAB4 /* Base */ = {isa = PBXFileReference; lastKnownFileType = file.storyboard; name = Base; path = Base.lproj/MainInterface.storyboard; sourceTree = "<group>"; };
		D5FE49AD29753A460022AAB4 /* Info.plist */ = {isa = PBXFileReference; lastKnownFileType = text.plist.xml; path = Info.plist; sourceTree = "<group>"; };
		D5FE49B429753B6C0022AAB4 /* InsiderNotificationService.entitlements */ = {isa = PBXFileReference; lastKnownFileType = text.plist.entitlements; path = InsiderNotificationService.entitlements; sourceTree = "<group>"; };
		D5FE49B529753B710022AAB4 /* InsiderNotificationContent.entitlements */ = {isa = PBXFileReference; lastKnownFileType = text.plist.entitlements; path = InsiderNotificationContent.entitlements; sourceTree = "<group>"; };
		ED297162215061F000B7C4FE /* JavaScriptCore.framework */ = {isa = PBXFileReference; lastKnownFileType = wrapper.framework; name = JavaScriptCore.framework; path = System/Library/Frameworks/JavaScriptCore.framework; sourceTree = SDKROOT; };
		FAC715A2D49A985799AEE119 /* ExpoModulesProvider.swift */ = {isa = PBXFileReference; includeInIndex = 1; lastKnownFileType = sourcecode.swift; name = ExpoModulesProvider.swift; path = "Pods/Target Support Files/Pods-insiderexpodemo/ExpoModulesProvider.swift"; sourceTree = "<group>"; };
/* End PBXFileReference section */

/* Begin PBXFrameworksBuildPhase section */
		13B07F8C1A680F5B00A75B9A /* Frameworks */ = {
			isa = PBXFrameworksBuildPhase;
			buildActionMask = 2147483647;
			files = (
				8188265BC6BE402F9A8CA0E6 /* AppTrackingTransparency.framework in Frameworks */,
				C2183F8F619843FD8316388B /* StoreKit.framework in Frameworks */,
				4C4307F2D76C4510984903A0 /* AdSupport.framework in Frameworks */,
				FA3FA2B65DFF463D87AC05FE /* AdServices.framework in Frameworks */,
				13780AA6EEA94B23B9B62E38 /* iAd.framework in Frameworks */,
				B2639ADB86BD181E37387DB3 /* Pods_insiderexpodemo.framework in Frameworks */,
			);
			runOnlyForDeploymentPostprocessing = 0;
		};
		D5FE498D297539790022AAB4 /* Frameworks */ = {
			isa = PBXFrameworksBuildPhase;
			buildActionMask = 2147483647;
			files = (
				5CEAF2803A217EDC037A97B4 /* Pods_InsiderNotificationService.framework in Frameworks */,
			);
			runOnlyForDeploymentPostprocessing = 0;
		};
		D5FE499E29753A460022AAB4 /* Frameworks */ = {
			isa = PBXFrameworksBuildPhase;
			buildActionMask = 2147483647;
			files = (
				D5FE49A529753A460022AAB4 /* UserNotificationsUI.framework in Frameworks */,
				D5FE49A329753A460022AAB4 /* UserNotifications.framework in Frameworks */,
				26E0DAA74133A279EDEC3752 /* Pods_InsiderNotificationContent.framework in Frameworks */,
			);
			runOnlyForDeploymentPostprocessing = 0;
		};
/* End PBXFrameworksBuildPhase section */

/* Begin PBXGroup section */
		13B07FAE1A68108700A75B9A /* insiderexpodemo */ = {
			isa = PBXGroup;
			children = (
				BB2F792B24A3F905000567C9 /* Supporting */,
				008F07F21AC5B25A0029DE68 /* main.jsbundle */,
				13B07FAF1A68108700A75B9A /* AppDelegate.h */,
				13B07FB01A68108700A75B9A /* AppDelegate.mm */,
				13B07FB51A68108700A75B9A /* Images.xcassets */,
				13B07FB61A68108700A75B9A /* Info.plist */,
				13B07FB71A68108700A75B9A /* main.m */,
				AA286B85B6C04FC6940260E9 /* SplashScreen.storyboard */,
				70F7B2EF5177445CB653F00D /* GoogleService-Info.plist */,
				71F0FD82823D4E15831F3465 /* noop-file.swift */,
				3935FCD706C946C899E2DDC3 /* GoogleService-Info.plist */,
			);
			name = insiderexpodemo;
			sourceTree = "<group>";
		};
		2D16E6871FA4F8E400B85C8A /* Frameworks */ = {
			isa = PBXGroup;
			children = (
				ED297162215061F000B7C4FE /* JavaScriptCore.framework */,
				004E0C322953406EA8694175 /* AppTrackingTransparency.framework */,
				34FC82DED3204ACDA54B30EC /* StoreKit.framework */,
				B1045945063F42229B1C4DA5 /* AdSupport.framework */,
				05E06BAAE4DE4727AB68B14E /* AdServices.framework */,
				532DB2F3309A47B6901931F2 /* iAd.framework */,
				D5FE49A229753A460022AAB4 /* UserNotifications.framework */,
				D5FE49A429753A460022AAB4 /* UserNotificationsUI.framework */,
				D4DF8DF4448D8FFAD237E319 /* Pods_InsiderNotificationContent.framework */,
				A65DBC70F4D03C0CE5C7335D /* Pods_InsiderNotificationService.framework */,
				A14A17299FAEA73A12954374 /* Pods_insiderexpodemo.framework */,
			);
			name = Frameworks;
			sourceTree = "<group>";
		};
		832341AE1AAA6A7D00B99B32 /* Libraries */ = {
			isa = PBXGroup;
			children = (
			);
			name = Libraries;
			sourceTree = "<group>";
		};
		83CBB9F61A601CBA00E9B192 = {
			isa = PBXGroup;
			children = (
				13B07FAE1A68108700A75B9A /* insiderexpodemo */,
				832341AE1AAA6A7D00B99B32 /* Libraries */,
				83CBBA001A601CBA00E9B192 /* Products */,
				2D16E6871FA4F8E400B85C8A /* Frameworks */,
				D65327D7A22EEC0BE12398D9 /* Pods */,
				D7E4C46ADA2E9064B798F356 /* ExpoModulesProviders */,
				D5FE4991297539790022AAB4 /* InsiderNotificationService */,
				D5FE49A629753A460022AAB4 /* InsiderNotificationContent */,
			);
			indentWidth = 2;
			sourceTree = "<group>";
			tabWidth = 2;
			usesTabs = 0;
		};
		83CBBA001A601CBA00E9B192 /* Products */ = {
			isa = PBXGroup;
			children = (
				13B07F961A680F5B00A75B9A /* insiderexpodemo.app */,
				D5FE4990297539790022AAB4 /* InsiderNotificationService.appex */,
				D5FE49A129753A460022AAB4 /* InsiderNotificationContent.appex */,
			);
			name = Products;
			sourceTree = "<group>";
		};
		92DBD88DE9BF7D494EA9DA96 /* insiderexpodemo */ = {
			isa = PBXGroup;
			children = (
				FAC715A2D49A985799AEE119 /* ExpoModulesProvider.swift */,
			);
			name = insiderexpodemo;
			sourceTree = "<group>";
		};
		BB2F792B24A3F905000567C9 /* Supporting */ = {
			isa = PBXGroup;
			children = (
				BB2F792C24A3F905000567C9 /* Expo.plist */,
			);
			name = Supporting;
			path = insiderexpodemo/Supporting;
			sourceTree = "<group>";
		};
		D5FE4991297539790022AAB4 /* InsiderNotificationService */ = {
			isa = PBXGroup;
			children = (
				D5FE49B429753B6C0022AAB4 /* InsiderNotificationService.entitlements */,
				D5FE4992297539790022AAB4 /* NotificationService.h */,
				D5FE4993297539790022AAB4 /* NotificationService.m */,
				D5FE4995297539790022AAB4 /* Info.plist */,
			);
			path = InsiderNotificationService;
			sourceTree = "<group>";
		};
		D5FE49A629753A460022AAB4 /* InsiderNotificationContent */ = {
			isa = PBXGroup;
			children = (
				D5FE49B529753B710022AAB4 /* InsiderNotificationContent.entitlements */,
				D5FE49A729753A460022AAB4 /* NotificationViewController.h */,
				D5FE49A829753A460022AAB4 /* NotificationViewController.m */,
				D5FE49AA29753A460022AAB4 /* MainInterface.storyboard */,
				D5FE49AD29753A460022AAB4 /* Info.plist */,
			);
			path = InsiderNotificationContent;
			sourceTree = "<group>";
		};
		D65327D7A22EEC0BE12398D9 /* Pods */ = {
			isa = PBXGroup;
			children = (
				6C2E3173556A471DD304B334 /* Pods-insiderexpodemo.debug.xcconfig */,
				7A4D352CD337FB3A3BF06240 /* Pods-insiderexpodemo.release.xcconfig */,
				142B10B8D59D34B12545E9A4 /* Pods-InsiderNotificationContent.debug.xcconfig */,
				3C1D59565A881548522D0A92 /* Pods-InsiderNotificationContent.release.xcconfig */,
				3348418BEF2C51E060CA5E58 /* Pods-InsiderNotificationService.debug.xcconfig */,
				CB837E3BF2E81BB565232B25 /* Pods-InsiderNotificationService.release.xcconfig */,
			);
			path = Pods;
			sourceTree = "<group>";
		};
		D7E4C46ADA2E9064B798F356 /* ExpoModulesProviders */ = {
			isa = PBXGroup;
			children = (
				92DBD88DE9BF7D494EA9DA96 /* insiderexpodemo */,
			);
			name = ExpoModulesProviders;
			sourceTree = "<group>";
		};
/* End PBXGroup section */

/* Begin PBXNativeTarget section */
		13B07F861A680F5B00A75B9A /* insiderexpodemo */ = {
			isa = PBXNativeTarget;
			buildConfigurationList = 13B07F931A680F5B00A75B9A /* Build configuration list for PBXNativeTarget "insiderexpodemo" */;
			buildPhases = (
				08A4A3CD28434E44B6B9DE2E /* [CP] Check Pods Manifest.lock */,
				FD10A7F022414F080027D42C /* Start Packager */,
				13B07F871A680F5B00A75B9A /* Sources */,
				13B07F8C1A680F5B00A75B9A /* Frameworks */,
				13B07F8E1A680F5B00A75B9A /* Resources */,
				00DD1BFF1BD5951E006B06BC /* Bundle React Native code and images */,
				800E24972A6A228C8D4807E9 /* [CP] Copy Pods Resources */,
				DC472EC216F57D81F6C58204 /* [CP] Embed Pods Frameworks */,
				D5FE4999297539790022AAB4 /* Embed App Extensions */,
			);
			buildRules = (
			);
			dependencies = (
				D5FE4997297539790022AAB4 /* PBXTargetDependency */,
				D5FE49AF29753A460022AAB4 /* PBXTargetDependency */,
			);
			name = insiderexpodemo;
			productName = insiderexpodemo;
			productReference = 13B07F961A680F5B00A75B9A /* insiderexpodemo.app */;
			productType = "com.apple.product-type.application";
		};
		D5FE498F297539790022AAB4 /* InsiderNotificationService */ = {
			isa = PBXNativeTarget;
			buildConfigurationList = D5FE499C297539790022AAB4 /* Build configuration list for PBXNativeTarget "InsiderNotificationService" */;
			buildPhases = (
				952399FC7533200912316003 /* [CP] Check Pods Manifest.lock */,
				D5FE498C297539790022AAB4 /* Sources */,
				D5FE498D297539790022AAB4 /* Frameworks */,
				D5FE498E297539790022AAB4 /* Resources */,
				507AF1C62F7E83F04A768D9B /* [CP] Copy Pods Resources */,
			);
			buildRules = (
			);
			dependencies = (
			);
			name = InsiderNotificationService;
			productName = InsiderNotificationService;
			productReference = D5FE4990297539790022AAB4 /* InsiderNotificationService.appex */;
			productType = "com.apple.product-type.app-extension";
		};
		D5FE49A029753A460022AAB4 /* InsiderNotificationContent */ = {
			isa = PBXNativeTarget;
			buildConfigurationList = D5FE49B129753A460022AAB4 /* Build configuration list for PBXNativeTarget "InsiderNotificationContent" */;
			buildPhases = (
				0C0F0718DFD3A02332A5EA52 /* [CP] Check Pods Manifest.lock */,
				D5FE499D29753A460022AAB4 /* Sources */,
				D5FE499E29753A460022AAB4 /* Frameworks */,
				D5FE499F29753A460022AAB4 /* Resources */,
				9BB679D06DD2588EAD47D75D /* [CP] Copy Pods Resources */,
			);
			buildRules = (
			);
			dependencies = (
			);
			name = InsiderNotificationContent;
			productName = InsiderNotificationContent;
			productReference = D5FE49A129753A460022AAB4 /* InsiderNotificationContent.appex */;
			productType = "com.apple.product-type.app-extension";
		};
/* End PBXNativeTarget section */

/* Begin PBXProject section */
		83CBB9F71A601CBA00E9B192 /* Project object */ = {
			isa = PBXProject;
			attributes = {
				LastUpgradeCheck = 1130;
				TargetAttributes = {
					13B07F861A680F5B00A75B9A = {
						LastSwiftMigration = 1250;
					};
					D5FE498F297539790022AAB4 = {
						CreatedOnToolsVersion = 13.2.1;
						DevelopmentTeam = 3C8L4YL3S8;
						ProvisioningStyle = Automatic;
					};
					D5FE49A029753A460022AAB4 = {
						CreatedOnToolsVersion = 13.2.1;
						DevelopmentTeam = 3C8L4YL3S8;
						ProvisioningStyle = Automatic;
					};
				};
			};
			buildConfigurationList = 83CBB9FA1A601CBA00E9B192 /* Build configuration list for PBXProject "insiderexpodemo" */;
			compatibilityVersion = "Xcode 3.2";
			developmentRegion = en;
			hasScannedForEncodings = 0;
			knownRegions = (
				en,
				Base,
			);
			mainGroup = 83CBB9F61A601CBA00E9B192;
			productRefGroup = 83CBBA001A601CBA00E9B192 /* Products */;
			projectDirPath = "";
			projectRoot = "";
			targets = (
				13B07F861A680F5B00A75B9A /* insiderexpodemo */,
				D5FE498F297539790022AAB4 /* InsiderNotificationService */,
				D5FE49A029753A460022AAB4 /* InsiderNotificationContent */,
			);
		};
/* End PBXProject section */

/* Begin PBXResourcesBuildPhase section */
		13B07F8E1A680F5B00A75B9A /* Resources */ = {
			isa = PBXResourcesBuildPhase;
			buildActionMask = 2147483647;
			files = (
				BB2F792D24A3F905000567C9 /* Expo.plist in Resources */,
				13B07FBF1A68108700A75B9A /* Images.xcassets in Resources */,
				3E461D99554A48A4959DE609 /* SplashScreen.storyboard in Resources */,
				1864E1F1052A4884890C81EC /* GoogleService-Info.plist in Resources */,
				C21CA008EE82419EA2549322 /* GoogleService-Info.plist in Resources */,
			);
			runOnlyForDeploymentPostprocessing = 0;
		};
		D5FE498E297539790022AAB4 /* Resources */ = {
			isa = PBXResourcesBuildPhase;
			buildActionMask = 2147483647;
			files = (
			);
			runOnlyForDeploymentPostprocessing = 0;
		};
		D5FE499F29753A460022AAB4 /* Resources */ = {
			isa = PBXResourcesBuildPhase;
			buildActionMask = 2147483647;
			files = (
				D5FE49AC29753A460022AAB4 /* MainInterface.storyboard in Resources */,
			);
			runOnlyForDeploymentPostprocessing = 0;
		};
/* End PBXResourcesBuildPhase section */

/* Begin PBXShellScriptBuildPhase section */
		00DD1BFF1BD5951E006B06BC /* Bundle React Native code and images */ = {
			isa = PBXShellScriptBuildPhase;
			buildActionMask = 2147483647;
			files = (
			);
			inputPaths = (
			);
			name = "Bundle React Native code and images";
			outputPaths = (
			);
			runOnlyForDeploymentPostprocessing = 0;
			shellPath = /bin/sh;
			shellScript = "export NODE_ BINARY=node\nexport PROJECT_ROOT='$PROJECT_DIR'/..\n node --print `require('path').join(require('path').dirname(require.resolve('react-native/package.json')), 'scripts', 'react-native-xcode.sh')`";
		};
		08A4A3CD28434E44B6B9DE2E /* [CP] Check Pods Manifest.lock */ = {
			isa = PBXShellScriptBuildPhase;
			buildActionMask = 2147483647;
			files = (
			);
			inputFileListPaths = (
			);
			inputPaths = (
				"${PODS_PODFILE_DIR_PATH}/Podfile.lock",
				"${PODS_ROOT}/Manifest.lock",
			);
			name = "[CP] Check Pods Manifest.lock";
			outputFileListPaths = (
			);
			outputPaths = (
				"$(DERIVED_FILE_DIR)/Pods-insiderexpodemo-checkManifestLockResult.txt",
			);
			runOnlyForDeploymentPostprocessing = 0;
			shellPath = /bin/sh;
			shellScript = "diff \"${PODS_PODFILE_DIR_PATH}/Podfile.lock\" \"${PODS_ROOT}/Manifest.lock\" > /dev/null\nif [ $? != 0 ] ; then\n    # print error to STDERR\n    echo \"error: The sandbox is not in sync with the Podfile.lock. Run 'pod install' or update your CocoaPods installation.\" >&2\n    exit 1\nfi\n# This output is used by Xcode 'outputs' to avoid re-running this script phase.\necho \"SUCCESS\" > \"${SCRIPT_OUTPUT_FILE_0}\"\n";
			showEnvVarsInLog = 0;
		};
		0C0F0718DFD3A02332A5EA52 /* [CP] Check Pods Manifest.lock */ = {
			isa = PBXShellScriptBuildPhase;
			buildActionMask = 2147483647;
			files = (
			);
			inputFileListPaths = (
			);
			inputPaths = (
				"${PODS_PODFILE_DIR_PATH}/Podfile.lock",
				"${PODS_ROOT}/Manifest.lock",
			);
			name = "[CP] Check Pods Manifest.lock";
			outputFileListPaths = (
			);
			outputPaths = (
				"$(DERIVED_FILE_DIR)/Pods-InsiderNotificationContent-checkManifestLockResult.txt",
			);
			runOnlyForDeploymentPostprocessing = 0;
			shellPath = /bin/sh;
			shellScript = "diff \"${PODS_PODFILE_DIR_PATH}/Podfile.lock\" \"${PODS_ROOT}/Manifest.lock\" > /dev/null\nif [ $? != 0 ] ; then\n    # print error to STDERR\n    echo \"error: The sandbox is not in sync with the Podfile.lock. Run 'pod install' or update your CocoaPods installation.\" >&2\n    exit 1\nfi\n# This output is used by Xcode 'outputs' to avoid re-running this script phase.\necho \"SUCCESS\" > \"${SCRIPT_OUTPUT_FILE_0}\"\n";
			showEnvVarsInLog = 0;
		};
		507AF1C62F7E83F04A768D9B /* [CP] Copy Pods Resources */ = {
			isa = PBXShellScriptBuildPhase;
			buildActionMask = 2147483647;
			files = (
			);
			inputPaths = (
				"${PODS_ROOT}/Target Support Files/Pods-InsiderNotificationService/Pods-InsiderNotificationService-resources.sh",
				"${PODS_ROOT}/InsiderMobileAdvancedNotification/InsiderMobileAdvancedNotification.xcframework/InsiderInterface.storyboard",
				"${PODS_ROOT}/InsiderMobileAdvancedNotification/InsiderMobileAdvancedNotification.xcframework/NotificationService.m",
				"${PODS_ROOT}/InsiderMobileAdvancedNotification/InsiderMobileAdvancedNotification.xcframework/NotificationViewController.m",
			);
			name = "[CP] Copy Pods Resources";
			outputPaths = (
				"${TARGET_BUILD_DIR}/${UNLOCALIZED_RESOURCES_FOLDER_PATH}/InsiderInterface.storyboardc",
				"${TARGET_BUILD_DIR}/${UNLOCALIZED_RESOURCES_FOLDER_PATH}/NotificationService.m",
				"${TARGET_BUILD_DIR}/${UNLOCALIZED_RESOURCES_FOLDER_PATH}/NotificationViewController.m",
			);
			runOnlyForDeploymentPostprocessing = 0;
			shellPath = /bin/sh;
			shellScript = "\"${PODS_ROOT}/Target Support Files/Pods-InsiderNotificationService/Pods-InsiderNotificationService-resources.sh\"\n";
			showEnvVarsInLog = 0;
		};
		800E24972A6A228C8D4807E9 /* [CP] Copy Pods Resources */ = {
			isa = PBXShellScriptBuildPhase;
			buildActionMask = 2147483647;
			files = (
			);
			inputPaths = (
				"${PODS_ROOT}/Target Support Files/Pods-insiderexpodemo/Pods-insiderexpodemo-resources.sh",
				"${PODS_CONFIGURATION_BUILD_DIR}/EXConstants/EXConstants.bundle",
				"${PODS_CONFIGURATION_BUILD_DIR}/React-Core/AccessibilityResources.bundle",
				"${PODS_CONFIGURATION_BUILD_DIR}/expo-dev-launcher/EXDevLauncher.bundle",
				"${PODS_CONFIGURATION_BUILD_DIR}/expo-dev-menu/EXDevMenu.bundle",
				"${PODS_ROOT}/InsiderMobileAdvancedNotification/InsiderMobileAdvancedNotification.xcframework/InsiderInterface.storyboard",
				"${PODS_ROOT}/InsiderMobileAdvancedNotification/InsiderMobileAdvancedNotification.xcframework/NotificationService.m",
				"${PODS_ROOT}/InsiderMobileAdvancedNotification/InsiderMobileAdvancedNotification.xcframework/NotificationViewController.m",
			);
			name = "[CP] Copy Pods Resources";
			outputPaths = (
				"${TARGET_BUILD_DIR}/${UNLOCALIZED_RESOURCES_FOLDER_PATH}/EXConstants.bundle",
				"${TARGET_BUILD_DIR}/${UNLOCALIZED_RESOURCES_FOLDER_PATH}/AccessibilityResources.bundle",
				"${TARGET_BUILD_DIR}/${UNLOCALIZED_RESOURCES_FOLDER_PATH}/EXDevLauncher.bundle",
				"${TARGET_BUILD_DIR}/${UNLOCALIZED_RESOURCES_FOLDER_PATH}/EXDevMenu.bundle",
				"${TARGET_BUILD_DIR}/${UNLOCALIZED_RESOURCES_FOLDER_PATH}/InsiderInterface.storyboardc",
				"${TARGET_BUILD_DIR}/${UNLOCALIZED_RESOURCES_FOLDER_PATH}/NotificationService.m",
				"${TARGET_BUILD_DIR}/${UNLOCALIZED_RESOURCES_FOLDER_PATH}/NotificationViewController.m",
			);
			runOnlyForDeploymentPostprocessing = 0;
			shellPath = /bin/sh;
			shellScript = "\"${PODS_ROOT}/Target Support Files/Pods-insiderexpodemo/Pods-insiderexpodemo-resources.sh\"\n";
			showEnvVarsInLog = 0;
		};
		952399FC7533200912316003 /* [CP] Check Pods Manifest.lock */ = {
			isa = PBXShellScriptBuildPhase;
			buildActionMask = 2147483647;
			files = (
			);
			inputFileListPaths = (
			);
			inputPaths = (
				"${PODS_PODFILE_DIR_PATH}/Podfile.lock",
				"${PODS_ROOT}/Manifest.lock",
			);
			name = "[CP] Check Pods Manifest.lock";
			outputFileListPaths = (
			);
			outputPaths = (
				"$(DERIVED_FILE_DIR)/Pods-InsiderNotificationService-checkManifestLockResult.txt",
			);
			runOnlyForDeploymentPostprocessing = 0;
			shellPath = /bin/sh;
			shellScript = "diff \"${PODS_PODFILE_DIR_PATH}/Podfile.lock\" \"${PODS_ROOT}/Manifest.lock\" > /dev/null\nif [ $? != 0 ] ; then\n    # print error to STDERR\n    echo \"error: The sandbox is not in sync with the Podfile.lock. Run 'pod install' or update your CocoaPods installation.\" >&2\n    exit 1\nfi\n# This output is used by Xcode 'outputs' to avoid re-running this script phase.\necho \"SUCCESS\" > \"${SCRIPT_OUTPUT_FILE_0}\"\n";
			showEnvVarsInLog = 0;
		};
		9BB679D06DD2588EAD47D75D /* [CP] Copy Pods Resources */ = {
			isa = PBXShellScriptBuildPhase;
			buildActionMask = 2147483647;
			files = (
			);
			inputPaths = (
				"${PODS_ROOT}/Target Support Files/Pods-InsiderNotificationContent/Pods-InsiderNotificationContent-resources.sh",
				"${PODS_ROOT}/InsiderMobileAdvancedNotification/InsiderMobileAdvancedNotification.xcframework/InsiderInterface.storyboard",
				"${PODS_ROOT}/InsiderMobileAdvancedNotification/InsiderMobileAdvancedNotification.xcframework/NotificationService.m",
				"${PODS_ROOT}/InsiderMobileAdvancedNotification/InsiderMobileAdvancedNotification.xcframework/NotificationViewController.m",
			);
			name = "[CP] Copy Pods Resources";
			outputPaths = (
				"${TARGET_BUILD_DIR}/${UNLOCALIZED_RESOURCES_FOLDER_PATH}/InsiderInterface.storyboardc",
				"${TARGET_BUILD_DIR}/${UNLOCALIZED_RESOURCES_FOLDER_PATH}/NotificationService.m",
				"${TARGET_BUILD_DIR}/${UNLOCALIZED_RESOURCES_FOLDER_PATH}/NotificationViewController.m",
			);
			runOnlyForDeploymentPostprocessing = 0;
			shellPath = /bin/sh;
			shellScript = "\"${PODS_ROOT}/Target Support Files/Pods-InsiderNotificationContent/Pods-InsiderNotificationContent-resources.sh\"\n";
			showEnvVarsInLog = 0;
		};
		DC472EC216F57D81F6C58204 /* [CP] Embed Pods Frameworks */ = {
			isa = PBXShellScriptBuildPhase;
			buildActionMask = 2147483647;
			files = (
			);
			inputPaths = (
				"${PODS_ROOT}/Target Support Files/Pods-insiderexpodemo/Pods-insiderexpodemo-frameworks.sh",
				"${PODS_XCFRAMEWORKS_BUILD_DIR}/InsiderGeofence/InsiderGeofence.framework/InsiderGeofence",
				"${PODS_XCFRAMEWORKS_BUILD_DIR}/InsiderHybrid/InsiderHybrid.framework/InsiderHybrid",
				"${PODS_XCFRAMEWORKS_BUILD_DIR}/InsiderMobile/InsiderMobile.framework/InsiderMobile",
				"${PODS_XCFRAMEWORKS_BUILD_DIR}/hermes-engine/Pre-built/hermes.framework/hermes",
				"${PODS_XCFRAMEWORKS_BUILD_DIR}/InsiderMobileAdvancedNotification/InsiderMobileAdvancedNotification.framework/InsiderMobileAdvancedNotification",
			);
			name = "[CP] Embed Pods Frameworks";
			outputPaths = (
				"${TARGET_BUILD_DIR}/${FRAMEWORKS_FOLDER_PATH}/InsiderGeofence.framework",
				"${TARGET_BUILD_DIR}/${FRAMEWORKS_FOLDER_PATH}/InsiderHybrid.framework",
				"${TARGET_BUILD_DIR}/${FRAMEWORKS_FOLDER_PATH}/InsiderMobile.framework",
				"${TARGET_BUILD_DIR}/${FRAMEWORKS_FOLDER_PATH}/hermes.framework",
				"${TARGET_BUILD_DIR}/${FRAMEWORKS_FOLDER_PATH}/InsiderMobileAdvancedNotification.framework",
			);
			runOnlyForDeploymentPostprocessing = 0;
			shellPath = /bin/sh;
			shellScript = "\"${PODS_ROOT}/Target Support Files/Pods-insiderexpodemo/Pods-insiderexpodemo-frameworks.sh\"\n";
			showEnvVarsInLog = 0;
		};
		FD10A7F022414F080027D42C /* Start Packager */ = {
			isa = PBXShellScriptBuildPhase;
			buildActionMask = 2147483647;
			files = (
			);
			inputFileListPaths = (
			);
			inputPaths = (
			);
			name = "Start Packager";
			outputFileListPaths = (
			);
			outputPaths = (
			);
			runOnlyForDeploymentPostprocessing = 0;
			shellPath = /bin/sh;
			shellScript = "export RCT_METRO_PORT='${RCT_METRO_PORT:=8081}'\necho 'export RCT_METRO_PORT=${RCT_METRO_PORT}' > `node --print 'require('path').dirname(require.resolve('react-native/package.json')) + '/scripts/.packager.env'`\nif [ -z '${RCT_NO_LAUNCH_PACKAGER+xxx}' ] ; then\n  if nc -w 5 -z localhost ${RCT_METRO_PORT} ; then\n    if ! curl -s 'http://localhost:${RCT_METRO_PORT}/status' | grep -q 'packager-status:running' ; then\n      echo 'Port ${RCT_METRO_PORT} already in use, packager is either not running or not running correctly'\n      exit 2\n    fi\n  else\n    open `node --print 'require('path').dirname(require.resolve('react-native/package.json')) + '/scripts/launchPackager.command'` || echo 'Can not start packager automatically' \nfi\nfi";
			showEnvVarsInLog = 0;
		};
/* End PBXShellScriptBuildPhase section */

/* Begin PBXSourcesBuildPhase section */
		13B07F871A680F5B00A75B9A /* Sources */ = {
			isa = PBXSourcesBuildPhase;
			buildActionMask = 2147483647;
			files = (
				13B07FBC1A68108700A75B9A /* AppDelegate.mm in Sources */,
				13B07FC11A68108700A75B9A /* main.m in Sources */,
				B18059E884C0ABDD17F3DC3D /* ExpoModulesProvider.swift in Sources */,
				9D9D4644D41F44C48801FCEF /* noop-file.swift in Sources */,
			);
			runOnlyForDeploymentPostprocessing = 0;
		};
		D5FE498C297539790022AAB4 /* Sources */ = {
			isa = PBXSourcesBuildPhase;
			buildActionMask = 2147483647;
			files = (
				D5FE4994297539790022AAB4 /* NotificationService.m in Sources */,
			);
			runOnlyForDeploymentPostprocessing = 0;
		};
		D5FE499D29753A460022AAB4 /* Sources */ = {
			isa = PBXSourcesBuildPhase;
			buildActionMask = 2147483647;
			files = (
				D5FE49A929753A460022AAB4 /* NotificationViewController.m in Sources */,
			);
			runOnlyForDeploymentPostprocessing = 0;
		};
/* End PBXSourcesBuildPhase section */

/* Begin PBXTargetDependency section */
		D5FE4997297539790022AAB4 /* PBXTargetDependency */ = {
			isa = PBXTargetDependency;
			target = D5FE498F297539790022AAB4 /* InsiderNotificationService */;
			targetProxy = D5FE4996297539790022AAB4 /* PBXContainerItemProxy */;
		};
		D5FE49AF29753A460022AAB4 /* PBXTargetDependency */ = {
			isa = PBXTargetDependency;
			target = D5FE49A029753A460022AAB4 /* InsiderNotificationContent */;
			targetProxy = D5FE49AE29753A460022AAB4 /* PBXContainerItemProxy */;
		};
/* End PBXTargetDependency section */

/* Begin PBXVariantGroup section */
		D5FE49AA29753A460022AAB4 /* MainInterface.storyboard */ = {
			isa = PBXVariantGroup;
			children = (
				D5FE49AB29753A460022AAB4 /* Base */,
			);
			name = MainInterface.storyboard;
			sourceTree = "<group>";
		};
/* End PBXVariantGroup section */

/* Begin XCBuildConfiguration section */
		13B07F941A680F5B00A75B9A /* Debug */ = {
			isa = XCBuildConfiguration;
			baseConfigurationReference = 6C2E3173556A471DD304B334 /* Pods-insiderexpodemo.debug.xcconfig */;
			buildSettings = {
				ASSETCATALOG_COMPILER_APPICON_NAME = AppIcon;
				CLANG_ENABLE_MODULES = YES;
				CODE_SIGN_ENTITLEMENTS = insiderexpodemo/insiderexpodemo.entitlements;
				CURRENT_PROJECT_VERSION = 1;
				DEVELOPMENT_TEAM = 3C8L4YL3S8;
				ENABLE_BITCODE = NO;
				GCC_PREPROCESSOR_DEFINITIONS = (
					"$(inherited)",
					"FB_SONARKIT_ENABLED=1",
				);
				INFOPLIST_FILE = insiderexpodemo/Info.plist;
				IPHONEOS_DEPLOYMENT_TARGET = 13.0;
				LD_RUNPATH_SEARCH_PATHS = "$(inherited) @executable_path/Frameworks";
				OTHER_LDFLAGS = (
					"$(inherited)",
					"-ObjC",
					"-lc++",
				);
				OTHER_SWIFT_FLAGS = "$(inherited) -D EXPO_CONFIGURATION_DEBUG";
				PRODUCT_BUNDLE_IDENTIFIER = com.shopraha.dev;
				PRODUCT_NAME = insiderexpodemo;
				SWIFT_OPTIMIZATION_LEVEL = "-Onone";
				SWIFT_VERSION = 5.5.2;
				TARGETED_DEVICE_FAMILY = "1,2";
				VERSIONING_SYSTEM = "apple-generic";
			};
			name = Debug;
		};
		13B07F951A680F5B00A75B9A /* Release */ = {
			isa = XCBuildConfiguration;
			baseConfigurationReference = 7A4D352CD337FB3A3BF06240 /* Pods-insiderexpodemo.release.xcconfig */;
			buildSettings = {
				ASSETCATALOG_COMPILER_APPICON_NAME = AppIcon;
				CLANG_ENABLE_MODULES = YES;
				CODE_SIGN_ENTITLEMENTS = insiderexpodemo/insiderexpodemo.entitlements;
				CURRENT_PROJECT_VERSION = 1;
				DEVELOPMENT_TEAM = 3C8L4YL3S8;
				INFOPLIST_FILE = insiderexpodemo/Info.plist;
				IPHONEOS_DEPLOYMENT_TARGET = 13.0;
				LD_RUNPATH_SEARCH_PATHS = "$(inherited) @executable_path/Frameworks";
				OTHER_LDFLAGS = (
					"$(inherited)",
					"-ObjC",
					"-lc++",
				);
				OTHER_SWIFT_FLAGS = "$(inherited) -D EXPO_CONFIGURATION_RELEASE";
				PRODUCT_BUNDLE_IDENTIFIER = com.shopraha.dev;
				PRODUCT_NAME = insiderexpodemo;
				SWIFT_VERSION = 5.5.2;
				TARGETED_DEVICE_FAMILY = "1,2";
				VERSIONING_SYSTEM = "apple-generic";
			};
			name = Release;
		};
		83CBBA201A601CBA00E9B192 /* Debug */ = {
			isa = XCBuildConfiguration;
			buildSettings = {
				ALWAYS_SEARCH_USER_PATHS = NO;
				CLANG_ANALYZER_LOCALIZABILITY_NONLOCALIZED = YES;
				CLANG_CXX_LANGUAGE_STANDARD = "c++17";
				CLANG_CXX_LIBRARY = "libc++";
				CLANG_ENABLE_MODULES = YES;
				CLANG_ENABLE_OBJC_ARC = YES;
				CLANG_WARN_BLOCK_CAPTURE_AUTORELEASING = YES;
				CLANG_WARN_BOOL_CONVERSION = YES;
				CLANG_WARN_COMMA = YES;
				CLANG_WARN_CONSTANT_CONVERSION = YES;
				CLANG_WARN_DEPRECATED_OBJC_IMPLEMENTATIONS = YES;
				CLANG_WARN_DIRECT_OBJC_ISA_USAGE = YES_ERROR;
				CLANG_WARN_EMPTY_BODY = YES;
				CLANG_WARN_ENUM_CONVERSION = YES;
				CLANG_WARN_INFINITE_RECURSION = YES;
				CLANG_WARN_INT_CONVERSION = YES;
				CLANG_WARN_NON_LITERAL_NULL_CONVERSION = YES;
				CLANG_WARN_OBJC_IMPLICIT_RETAIN_SELF = YES;
				CLANG_WARN_OBJC_LITERAL_CONVERSION = YES;
				CLANG_WARN_OBJC_ROOT_CLASS = YES_ERROR;
				CLANG_WARN_RANGE_LOOP_ANALYSIS = YES;
				CLANG_WARN_STRICT_PROTOTYPES = YES;
				CLANG_WARN_SUSPICIOUS_MOVE = YES;
				CLANG_WARN_UNREACHABLE_CODE = YES;
				CLANG_WARN__DUPLICATE_METHOD_MATCH = YES;
				"CODE_SIGN_IDENTITY[sdk=iphoneos*]" = "iPhone Developer";
				COPY_PHASE_STRIP = NO;
				ENABLE_STRICT_OBJC_MSGSEND = YES;
				ENABLE_TESTABILITY = YES;
				"EXCLUDED_ARCHS[sdk=iphonesimulator*]" = i386;
				GCC_C_LANGUAGE_STANDARD = gnu99;
				GCC_DYNAMIC_NO_PIC = NO;
				GCC_NO_COMMON_BLOCKS = YES;
				GCC_OPTIMIZATION_LEVEL = 0;
				GCC_PREPROCESSOR_DEFINITIONS = (
					"DEBUG=1",
					"$(inherited)",
				);
				GCC_SYMBOLS_PRIVATE_EXTERN = NO;
				GCC_WARN_64_TO_32_BIT_CONVERSION = YES;
				GCC_WARN_ABOUT_RETURN_TYPE = YES_ERROR;
				GCC_WARN_UNDECLARED_SELECTOR = YES;
				GCC_WARN_UNINITIALIZED_AUTOS = YES_AGGRESSIVE;
				GCC_WARN_UNUSED_FUNCTION = YES;
				GCC_WARN_UNUSED_VARIABLE = YES;
				IPHONEOS_DEPLOYMENT_TARGET = 13.0;
				LD_RUNPATH_SEARCH_PATHS = "/usr/lib/swift $(inherited)";
				LIBRARY_SEARCH_PATHS = "$(SDKROOT)/usr/lib/swift$(inherited)";
				MTL_ENABLE_DEBUG_INFO = YES;
				ONLY_ACTIVE_ARCH = YES;
				REACT_NATIVE_PATH = "${PODS_ROOT}/../../node_modules/react-native";
				SDKROOT = iphoneos;
			};
			name = Debug;
		};
		83CBBA211A601CBA00E9B192 /* Release */ = {
			isa = XCBuildConfiguration;
			buildSettings = {
				ALWAYS_SEARCH_USER_PATHS = NO;
				CLANG_ANALYZER_LOCALIZABILITY_NONLOCALIZED = YES;
				CLANG_CXX_LANGUAGE_STANDARD = "c++17";
				CLANG_CXX_LIBRARY = "libc++";
				CLANG_ENABLE_MODULES = YES;
				CLANG_ENABLE_OBJC_ARC = YES;
				CLANG_WARN_BLOCK_CAPTURE_AUTORELEASING = YES;
				CLANG_WARN_BOOL_CONVERSION = YES;
				CLANG_WARN_COMMA = YES;
				CLANG_WARN_CONSTANT_CONVERSION = YES;
				CLANG_WARN_DEPRECATED_OBJC_IMPLEMENTATIONS = YES;
				CLANG_WARN_DIRECT_OBJC_ISA_USAGE = YES_ERROR;
				CLANG_WARN_EMPTY_BODY = YES;
				CLANG_WARN_ENUM_CONVERSION = YES;
				CLANG_WARN_INFINITE_RECURSION = YES;
				CLANG_WARN_INT_CONVERSION = YES;
				CLANG_WARN_NON_LITERAL_NULL_CONVERSION = YES;
				CLANG_WARN_OBJC_IMPLICIT_RETAIN_SELF = YES;
				CLANG_WARN_OBJC_LITERAL_CONVERSION = YES;
				CLANG_WARN_OBJC_ROOT_CLASS = YES_ERROR;
				CLANG_WARN_RANGE_LOOP_ANALYSIS = YES;
				CLANG_WARN_STRICT_PROTOTYPES = YES;
				CLANG_WARN_SUSPICIOUS_MOVE = YES;
				CLANG_WARN_UNREACHABLE_CODE = YES;
				CLANG_WARN__DUPLICATE_METHOD_MATCH = YES;
				"CODE_SIGN_IDENTITY[sdk=iphoneos*]" = "iPhone Developer";
				COPY_PHASE_STRIP = YES;
				ENABLE_NS_ASSERTIONS = NO;
				ENABLE_STRICT_OBJC_MSGSEND = YES;
				"EXCLUDED_ARCHS[sdk=iphonesimulator*]" = i386;
				GCC_C_LANGUAGE_STANDARD = gnu99;
				GCC_NO_COMMON_BLOCKS = YES;
				GCC_WARN_64_TO_32_BIT_CONVERSION = YES;
				GCC_WARN_ABOUT_RETURN_TYPE = YES_ERROR;
				GCC_WARN_UNDECLARED_SELECTOR = YES;
				GCC_WARN_UNINITIALIZED_AUTOS = YES_AGGRESSIVE;
				GCC_WARN_UNUSED_FUNCTION = YES;
				GCC_WARN_UNUSED_VARIABLE = YES;
				IPHONEOS_DEPLOYMENT_TARGET = 13.0;
				LD_RUNPATH_SEARCH_PATHS = "/usr/lib/swift $(inherited)";
				LIBRARY_SEARCH_PATHS = "$(SDKROOT)/usr/lib/swift$(inherited)";
				MTL_ENABLE_DEBUG_INFO = NO;
				REACT_NATIVE_PATH = "${PODS_ROOT}/../../node_modules/react-native";
				SDKROOT = iphoneos;
				VALIDATE_PRODUCT = YES;
			};
			name = Release;
		};
		D5FE499A297539790022AAB4 /* Debug */ = {
			isa = XCBuildConfiguration;
			baseConfigurationReference = 3348418BEF2C51E060CA5E58 /* Pods-InsiderNotificationService.debug.xcconfig */;
			buildSettings = {
				CLANG_ANALYZER_NONNULL = YES;
				CLANG_ANALYZER_NUMBER_OBJECT_CONVERSION = YES_AGGRESSIVE;
				CLANG_CXX_LANGUAGE_STANDARD = "gnu++17";
				CLANG_ENABLE_OBJC_WEAK = YES;
				CLANG_WARN_DOCUMENTATION_COMMENTS = YES;
				CLANG_WARN_QUOTED_INCLUDE_IN_FRAMEWORK_HEADER = "$(inherited)";
				CLANG_WARN_UNGUARDED_AVAILABILITY = YES_AGGRESSIVE;
				CODE_SIGN_ENTITLEMENTS = InsiderNotificationService/InsiderNotificationService.entitlements;
				CODE_SIGN_STYLE = Automatic;
				CURRENT_PROJECT_VERSION = 1;
				DEBUG_INFORMATION_FORMAT = dwarf;
				DEVELOPMENT_TEAM = 3C8L4YL3S8;
				GCC_C_LANGUAGE_STANDARD = gnu11;
				GENERATE_INFOPLIST_FILE = YES;
				INFOPLIST_FILE = InsiderNotificationService/Info.plist;
				INFOPLIST_KEY_CFBundleDisplayName = InsiderNotificationService;
				INFOPLIST_KEY_NSHumanReadableCopyright = "";
				IPHONEOS_DEPLOYMENT_TARGET = 13.0;
				LD_RUNPATH_SEARCH_PATHS = "$(inherited) @executable_path/Frameworks @executable_path/../../Frameworks";
				MARKETING_VERSION = 1.0;
				MTL_ENABLE_DEBUG_INFO = INCLUDE_SOURCE;
				MTL_FAST_MATH = YES;
				OTHER_SWIFT_FLAGS = "$(inherited) -D EXPO_CONFIGURATION_DEBUG";
				PRODUCT_BUNDLE_IDENTIFIER = com.shopraha.dev.InsiderNotificationService;
				PRODUCT_NAME = "$(TARGET_NAME)";
				SKIP_INSTALL = YES;
				SWIFT_EMIT_LOC_STRINGS = YES;
				TARGETED_DEVICE_FAMILY = "1,2";
			};
			name = Debug;
		};
		D5FE499B297539790022AAB4 /* Release */ = {
			isa = XCBuildConfiguration;
			baseConfigurationReference = CB837E3BF2E81BB565232B25 /* Pods-InsiderNotificationService.release.xcconfig */;
			buildSettings = {
				CLANG_ANALYZER_NONNULL = YES;
				CLANG_ANALYZER_NUMBER_OBJECT_CONVERSION = YES_AGGRESSIVE;
				CLANG_CXX_LANGUAGE_STANDARD = "gnu++17";
				CLANG_ENABLE_OBJC_WEAK = YES;
				CLANG_WARN_DOCUMENTATION_COMMENTS = YES;
				CLANG_WARN_QUOTED_INCLUDE_IN_FRAMEWORK_HEADER = "$(inherited)";
				CLANG_WARN_UNGUARDED_AVAILABILITY = YES_AGGRESSIVE;
				CODE_SIGN_ENTITLEMENTS = InsiderNotificationService/InsiderNotificationService.entitlements;
				CODE_SIGN_STYLE = Automatic;
				COPY_PHASE_STRIP = NO;
				CURRENT_PROJECT_VERSION = 1;
				DEBUG_INFORMATION_FORMAT = "dwarf-with-dsym";
				DEVELOPMENT_TEAM = 3C8L4YL3S8;
				GCC_C_LANGUAGE_STANDARD = gnu11;
				GENERATE_INFOPLIST_FILE = YES;
				INFOPLIST_FILE = InsiderNotificationService/Info.plist;
				INFOPLIST_KEY_CFBundleDisplayName = InsiderNotificationService;
				INFOPLIST_KEY_NSHumanReadableCopyright = "";
				IPHONEOS_DEPLOYMENT_TARGET = 13.0;
				LD_RUNPATH_SEARCH_PATHS = "$(inherited) @executable_path/Frameworks @executable_path/../../Frameworks";
				MARKETING_VERSION = 1.0;
				MTL_FAST_MATH = YES;
				OTHER_SWIFT_FLAGS = "$(inherited) -D EXPO_CONFIGURATION_RELEASE";
				PRODUCT_BUNDLE_IDENTIFIER = com.shopraha.dev.InsiderNotificationService;
				PRODUCT_NAME = "$(TARGET_NAME)";
				SKIP_INSTALL = YES;
				SWIFT_EMIT_LOC_STRINGS = YES;
				TARGETED_DEVICE_FAMILY = "1,2";
			};
			name = Release;
		};
		D5FE49B229753A460022AAB4 /* Debug */ = {
			isa = XCBuildConfiguration;
			baseConfigurationReference = 142B10B8D59D34B12545E9A4 /* Pods-InsiderNotificationContent.debug.xcconfig */;
			buildSettings = {
				CLANG_ANALYZER_NONNULL = YES;
				CLANG_ANALYZER_NUMBER_OBJECT_CONVERSION = YES_AGGRESSIVE;
				CLANG_CXX_LANGUAGE_STANDARD = "gnu++17";
				CLANG_ENABLE_OBJC_WEAK = YES;
				CLANG_WARN_DOCUMENTATION_COMMENTS = YES;
				CLANG_WARN_QUOTED_INCLUDE_IN_FRAMEWORK_HEADER = "$(inherited)";
				CLANG_WARN_UNGUARDED_AVAILABILITY = YES_AGGRESSIVE;
				CODE_SIGN_ENTITLEMENTS = InsiderNotificationContent/InsiderNotificationContent.entitlements;
				CODE_SIGN_STYLE = Automatic;
				CURRENT_PROJECT_VERSION = 1;
				DEBUG_INFORMATION_FORMAT = dwarf;
				DEVELOPMENT_TEAM = 3C8L4YL3S8;
				GCC_C_LANGUAGE_STANDARD = gnu11;
				GENERATE_INFOPLIST_FILE = YES;
				INFOPLIST_FILE = InsiderNotificationContent/Info.plist;
				INFOPLIST_KEY_CFBundleDisplayName = InsiderNotificationContent;
				INFOPLIST_KEY_NSHumanReadableCopyright = "";
				IPHONEOS_DEPLOYMENT_TARGET = 13.0;
				LD_RUNPATH_SEARCH_PATHS = "$(inherited) @executable_path/Frameworks @executable_path/../../Framework";
				MARKETING_VERSION = 1.0;
				MTL_ENABLE_DEBUG_INFO = INCLUDE_SOURCE;
				MTL_FAST_MATH = YES;
				OTHER_SWIFT_FLAGS = "$(inherited) -D EXPO_CONFIGURATION_DEBUG";
				PRODUCT_BUNDLE_IDENTIFIER = com.shopraha.dev.InsiderNotificationContent;
				PRODUCT_NAME = "$(TARGET_NAME)";
				SKIP_INSTALL = YES;
				SWIFT_EMIT_LOC_STRINGS = YES;
				TARGETED_DEVICE_FAMILY = "1,2";
			};
			name = Debug;
		};
		D5FE49B329753A460022AAB4 /* Release */ = {
			isa = XCBuildConfiguration;
			baseConfigurationReference = 3C1D59565A881548522D0A92 /* Pods-InsiderNotificationContent.release.xcconfig */;
			buildSettings = {
				CLANG_ANALYZER_NONNULL = YES;
				CLANG_ANALYZER_NUMBER_OBJECT_CONVERSION = YES_AGGRESSIVE;
				CLANG_CXX_LANGUAGE_STANDARD = "gnu++17";
				CLANG_ENABLE_OBJC_WEAK = YES;
				CLANG_WARN_DOCUMENTATION_COMMENTS = YES;
				CLANG_WARN_QUOTED_INCLUDE_IN_FRAMEWORK_HEADER = "$(inherited)";
				CLANG_WARN_UNGUARDED_AVAILABILITY = YES_AGGRESSIVE;
				CODE_SIGN_ENTITLEMENTS = InsiderNotificationContent/InsiderNotificationContent.entitlements;
				CODE_SIGN_STYLE = Automatic;
				COPY_PHASE_STRIP = NO;
				CURRENT_PROJECT_VERSION = 1;
				DEBUG_INFORMATION_FORMAT = "dwarf-with-dsym";
				DEVELOPMENT_TEAM = 3C8L4YL3S8;
				GCC_C_LANGUAGE_STANDARD = gnu11;
				GENERATE_INFOPLIST_FILE = YES;
				INFOPLIST_FILE = InsiderNotificationContent/Info.plist;
				INFOPLIST_KEY_CFBundleDisplayName = InsiderNotificationContent;
				INFOPLIST_KEY_NSHumanReadableCopyright = "";
				IPHONEOS_DEPLOYMENT_TARGET = 13.0;
				LD_RUNPATH_SEARCH_PATHS = "$(inherited) @executable_path/Frameworks @executable_path/../../Frameworks";
				MARKETING_VERSION = 1.0;
				MTL_FAST_MATH = YES;
				OTHER_SWIFT_FLAGS = "$(inherited) -D EXPO_CONFIGURATION_RELEASE";
				PRODUCT_BUNDLE_IDENTIFIER = com.shopraha.dev.InsiderNotificationContent;
				PRODUCT_NAME = "$(TARGET_NAME)";
				SKIP_INSTALL = YES;
				SWIFT_EMIT_LOC_STRINGS = YES;
				TARGETED_DEVICE_FAMILY = "1,2";
			};
			name = Release;
		};
/* End XCBuildConfiguration section */

/* Begin XCConfigurationList section */
		13B07F931A680F5B00A75B9A /* Build configuration list for PBXNativeTarget "insiderexpodemo" */ = {
			isa = XCConfigurationList;
			buildConfigurations = (
				13B07F941A680F5B00A75B9A /* Debug */,
				13B07F951A680F5B00A75B9A /* Release */,
			);
			defaultConfigurationIsVisible = 0;
			defaultConfigurationName = Release;
		};
		83CBB9FA1A601CBA00E9B192 /* Build configuration list for PBXProject "insiderexpodemo" */ = {
			isa = XCConfigurationList;
			buildConfigurations = (
				83CBBA201A601CBA00E9B192 /* Debug */,
				83CBBA211A601CBA00E9B192 /* Release */,
			);
			defaultConfigurationIsVisible = 0;
			defaultConfigurationName = Release;
		};
		D5FE499C297539790022AAB4 /* Build configuration list for PBXNativeTarget "InsiderNotificationService" */ = {
			isa = XCConfigurationList;
			buildConfigurations = (
				D5FE499A297539790022AAB4 /* Debug */,
				D5FE499B297539790022AAB4 /* Release */,
			);
			defaultConfigurationIsVisible = 0;
			defaultConfigurationName = Release;
		};
		D5FE49B129753A460022AAB4 /* Build configuration list for PBXNativeTarget "InsiderNotificationContent" */ = {
			isa = XCConfigurationList;
			buildConfigurations = (
				D5FE49B229753A460022AAB4 /* Debug */,
				D5FE49B329753A460022AAB4 /* Release */,
			);
			defaultConfigurationIsVisible = 0;
			defaultConfigurationName = Release;
		};
/* End XCConfigurationList section */
	};
	rootObject = 83CBB9F71A601CBA00E9B192 /* Project object */;
}
